{
  "name": "customization.web",
  "version": "0.0.1",
  "lockfileVersion": 1,
  "requires": true,
  "dependencies": {
    "@criticalmanufacturing/mes-ui-web": {
      "version": "8.3.3-202201215",
      "resolved": "http://cmf-nuget:4873/@criticalmanufacturing%2fmes-ui-web/-/mes-ui-web-8.3.3-202201215.tgz",
      "integrity": "sha512-V8HeAIkvqopgwCdpbV1tfgYScwymKybkuLBO4+pVnGt8Xz4HfESVQ0JcncKXYnAco9juhiKFTidvAzwm+VgngQ==",
      "requires": {
        "dexie": "~3.0.1",
        "eventemitter2": "~4.1.0",
        "moment": "2.26.0",
        "webcomponentsjs": "~1.0.2"
      },
      "dependencies": {
        "cmf.core.shell": {
          "version": "8.3.3-202201212",
          "resolved": "http://cmf-nuget:4873/cmf.core.shell/-/cmf.core.shell-8.3.3-202201212.tgz",
          "integrity": "sha512-tKvXiTHfiZr8sU74jYfUhnmm6UYNXYAiqbMCnuDiLbNg5PsiPqGOj4zc36nC7iekaglLeEF/dCr2N5lHIckuxg==",
          "requires": {
            "toastr": "~2.1.2"
          },
          "dependencies": {
            "cmf.core": {
              "version": "8.3.3-202201212",
              "resolved": "http://cmf-nuget:4873/cmf.core/-/cmf.core-8.3.3-202201212.tgz",
              "integrity": "sha512-RFNpN8b9LX+wwehtPCU2rvgtRnW26X5NVlw6uXiql2WiIM6ulwSUF9DzRPkU6MQw7nOxOqZGn+eLOLw8m/zL4w==",
              "requires": {
                "bluebird": "~3.5.0",
                "decimal.js": "~7.2.3",
                "dexie": "~3.0.1",
                "eventemitter2": "~4.1.0",
                "moment": "2.26.0",
                "moment-duration-format": "2.2.2",
                "systemjs-plugin-json": "0.3.0",
                "systemjs-plugin-text": "0.0.11",
                "underscore": "~1.8.3"
              }
            },
            "cmf.core.business.controls": {
              "version": "8.3.3-202201212",
              "resolved": "http://cmf-nuget:4873/cmf.core.business.controls/-/cmf.core.business.controls-8.3.3-202201212.tgz",
              "integrity": "sha512-YEWhptV7fGUG8NFATa2i6Neuwv+j32AEYE2sFRyFglTndu/spiujL+ktYQyiIWfMUNLOC4O1jsrwD49jHoGvjw==",
              "requires": {
                "moment": "2.26.0"
              }
            },
            "cmf.core.controls": {
              "version": "8.3.3-202201212",
              "resolved": "http://cmf-nuget:4873/cmf.core.controls/-/cmf.core.controls-8.3.3-202201212.tgz",
              "integrity": "sha512-F9Nlq5iaiYUrXNB+ANYsb+E/rJ4LfWn8SX9oowi6mdAekgJJHo0u/gEK2siR3U+txcDUDpCpMhuteSCwgG3M9w==",
              "requires": {
                "d3": "~5.7.0",
                "dagre": "0.7.4",
                "element-resize-detector": "~1.1.11",
                "fullcalendar": " ~3.1.0",
                "graphlib": "1.0.7",
                "html2canvas": "1.1.4",
                "jointjs": "1.0.3",
                "jquery-ui": "~1.12.1",
                "lodash": "3.10.1",
                "moment": "2.26.0",
                "moment-duration-format": "2.2.2",
                "monaco-editor": "~0.10.1"
              }
            },
            "cmf.core.dashboards": {
              "version": "8.3.3-202201212",
              "resolved": "http://cmf-nuget:4873/cmf.core.dashboards/-/cmf.core.dashboards-8.3.3-202201212.tgz",
              "integrity": "sha512-igapSfVFVOCmUCQQAdjhI+cgEl9gJ0pL6nEtNWGWL5p/IPGK2Sf6JbKisHpvQrhv5C/4ugETh+M+ybDjh0nxQw==",
              "requires": {
                "angular2-grid": "4.0.0-cmf-0",
                "moment": "2.26.0"
              }
            },
            "cmf.core.search": {
              "version": "8.3.3-202201212",
              "resolved": "http://cmf-nuget:4873/cmf.core.search/-/cmf.core.search-8.3.3-202201212.tgz",
              "integrity": "sha512-rdN/jn4kcGQRkYLCm3K9TEhfn59I0hJ/ciIjp4d8vGPAqXenk96d2JgvJ1qGoPzbrAUlQ2M4+leX9sv+sN6tmQ=="
            }
          }
        },
        "decimal.js": {
          "version": "7.2.4",
          "resolved": "http://cmf-nuget:4873/decimal.js/-/decimal.js-7.2.4.tgz",
          "integrity": "sha512-lQ+Tr6VKhsHgfzkTLLqxOXDwMHj5ZBdThKsZZo0PeK9H7OOvS8O5hjCNogRElYrLIx7mc1pfN9RiLkZDpVdkHA=="
        },
        "eventemitter2": {
          "version": "4.1.2",
          "resolved": "http://cmf-nuget:4873/eventemitter2/-/eventemitter2-4.1.2.tgz",
          "integrity": "sha1-DhqEd6+CGm7zmVsxG/dMI6UkfxU="
        },
        "safe-buffer": {
          "version": "5.1.2",
          "resolved": "http://cmf-nuget:4873/safe-buffer/-/safe-buffer-5.1.2.tgz",
          "integrity": "sha512-Gd2UZBJDkXlY7GbJxfsE8/nvKkUEU1G38c1siN6QP6a9PT9MmHB8GnpscSmMJSoF8LOIrt8ud/wPtojys4G6+g=="
        },
        "string_decoder": {
          "version": "1.1.1",
          "resolved": "http://cmf-nuget:4873/string_decoder/-/string_decoder-1.1.1.tgz",
          "integrity": "sha512-n/ShnvDi6FHbbVfviro+WojiFzv+s8MPMHBczVePfUpDJLwoLT0ht1l4YwBCbi8pJAveEEdnkHyPyTP/mzRfwg==",
          "requires": {
            "safe-buffer": "~5.1.0"
          }
        },
        "through2": {
          "version": "2.0.5",
          "resolved": "http://cmf-nuget:4873/through2/-/through2-2.0.5.tgz",
          "integrity": "sha512-/mrRod8xqpA+IHSLyGCQ2s8SPHiCDEeQJSep1jqLYeEUClOFG2Qsh+4FU6G9VeqpZnGW/Su8LQGc4YKni5rYSQ==",
          "requires": {
            "readable-stream": "~2.3.6",
            "xtend": "~4.0.1"
          }
        },
        "tslib": {
          "version": "1.14.1",
          "resolved": "http://cmf-nuget:4873/tslib/-/tslib-1.14.1.tgz",
          "integrity": "sha512-Xni35NKzjgMrwevysHTCArtLDpPvye8zV/0E4EyYn43P7/7qvQwPh9BGkHewbMulVntbigmcT7rdX3BNo9wRJg=="
        },
        "universalify": {
          "version": "2.0.0",
          "resolved": "http://cmf-nuget:4873/universalify/-/universalify-2.0.0.tgz",
          "integrity": "sha512-hAZsKq7Yy11Zu1DE0OzWjw7nnLZmJZYTDZZyEFHZdUhV8FkH5MCfoU1XMaxXovpyW5nq5scPqq0ZDP9Zyl04oQ=="
        }
      }
    },
    "dexie": {
      "version": "3.0.3",
      "resolved": "http://cmf-nuget:4873/dexie/-/dexie-3.0.3.tgz",
      "integrity": "sha512-BSFhGpngnCl1DOr+8YNwBDobRMH0ziJs2vts69VilwetHYOtEDcLqo7d/XiIphM0tJZ2rPPyAGd31lgH2Ln3nw=="
    },
    "lodash": {
      "version": "3.10.1",
      "resolved": "http://cmf-nuget:4873/lodash/-/lodash-3.10.1.tgz",
      "integrity": "sha1-W/Rejkm6QYnhfUgnid/RW9FAt7Y="
    },
    "moment": {
      "version": "2.26.0",
      "resolved": "http://cmf-nuget:4873/moment/-/moment-2.26.0.tgz",
      "integrity": "sha512-oIixUO+OamkUkwjhAVE18rAMfRJNsNe/Stid/gwHSOfHrOtw9EhAY2AHvdKZ/k/MggcYELFCJz/Sn2pL8b8JMw=="
    },
    "webcomponentsjs": {
      "version": "1.0.2",
      "resolved": "http://cmf-nuget:4873/webcomponentsjs/-/webcomponentsjs-1.0.2.tgz",
      "integrity": "sha1-sCiRTFeaYdgUSRPHyUws9zuV/Gk="
    }
  }
}
