{
  "name": "customization.web",
  "version": "2.2.0",
  "lockfileVersion": 1,
  "requires": true,
  "dependencies": {
    "@criticalmanufacturing/mes-ui-web": {
      "version": "9.1.0-202209072",
      "resolved": "http://cmf-nuget:4873/@criticalmanufacturing%2fmes-ui-web/-/mes-ui-web-9.1.0-202209072.tgz",
      "integrity": "sha512-aLyDQ0sQUXkgnhlYMvZE69Ac/SdYVAM4R5zP3LYS1p621Nmk5TToPKGNwp+nqug69n7G0Yy1GfOXm8Ysqfl2ew==",
      "requires": {
        "dexie": "~3.0.1",
        "eventemitter2": "~4.1.0",
        "moment": "2.26.0",
        "webcomponentsjs": "~1.0.2"
      },
      "dependencies": {
        "base64-arraybuffer": {
          "version": "0.2.0",
          "resolved": "http://cmf-nuget:4873/base64-arraybuffer/-/base64-arraybuffer-0.2.0.tgz",
          "integrity": "sha512-7emyCsu1/xiBXgQZrscw/8KPRT44I4Yq9Pe6EGs3aPRTsWuggML1/1DTuZUuIaJPIm1FTDUVXl4x/yW8s0kQDQ=="
        },
        "cmf.angular": {
          "version": "9.0.0-0-20220907.1",
          "resolved": "http://cmf-nuget:4873/cmf.angular/-/cmf.angular-9.0.0-0-20220907.1.tgz",
          "integrity": "sha512-X0Up5URA6Etx4poOqbbF4OWOI6kzpqHsOx0MpL+dFC/HnDAki0IToI2XKuvzpHG8mJnNRgH+uEnApevUgZNjhg==",
          "requires": {
            "@angular/common": "~12.1.1",
            "@angular/compiler": "~12.1.1",
            "@angular/core": "~12.1.1",
            "@angular/forms": "~12.1.1",
            "@angular/platform-browser": "~12.1.1",
            "@angular/platform-browser-dynamic": "~12.1.1",
            "@angular/router": "~12.1.1",
            "@angular/upgrade": "~12.1.1",
            "reflect-metadata": "0.1.13",
            "rxjs": "^6.6.7",
            "zone.js": "~0.11.4"
          }
        },
        "cmf.core": {
          "version": "9.1.0-202209072",
          "resolved": "http://cmf-nuget:4873/cmf.core/-/cmf.core-9.1.0-202209072.tgz",
          "integrity": "sha512-jmVXVv32bDHWTEsT2iEKjYiraFlOqpRcg0+hAfZLUFeu5rMqjImhWowk4FrVKhhkM9GaT+5DHGRbkS5KAvAkcg==",
          "requires": {
            "bluebird": "~3.5.0",
            "decimal.js": "~7.2.3",
            "dexie": "~3.0.1",
            "eventemitter2": "~4.1.0",
            "moment": "2.26.0",
            "moment-duration-format": "2.2.2",
            "systemjs-plugin-json": "0.3.0",
            "systemjs-plugin-text": "0.0.11",
            "underscore": "~1.8.3"
          }
        },
        "cmf.core.business.controls": {
          "version": "9.1.0-202209072",
          "resolved": "http://cmf-nuget:4873/cmf.core.business.controls/-/cmf.core.business.controls-9.1.0-202209072.tgz",
          "integrity": "sha512-LvYXBxTd/50XZOTvG9+IPCbNvXEmLwHj9tIU1K2t0tTFjpV/JJSeHkfRo9afHvaBVG9/mieXcVW7Xl6dQzu29w==",
          "requires": {
            "jspdf": "~2.5.1",
            "moment": "2.26.0"
          },
          "dependencies": {
            "base64-arraybuffer": {
              "version": "1.0.2",
              "resolved": "http://cmf-nuget:4873/base64-arraybuffer/-/base64-arraybuffer-1.0.2.tgz",
              "integrity": "sha512-I3yl4r9QB5ZRY3XuJVEPfc2XhZO6YweFPI+UovAzn+8/hb3oJ6lnysaFcjVpkCPfVWFUDvoZ8kmVDP7WyRtYtQ=="
            },
            "css-line-break": {
              "version": "2.1.0",
              "resolved": "http://cmf-nuget:4873/css-line-break/-/css-line-break-2.1.0.tgz",
              "integrity": "sha512-FHcKFCZcAha3LwfVBhCQbW2nCNbkZXn7KVUJcsT5/P8YmfsVja0FMPJr0B903j/E69HUphKiV9iQArX8SDYA4w==",
              "requires": {
                "utrie": "^1.0.2"
              }
            }
          }
        },
        "cmf.core.controls": {
          "version": "9.1.0-202209072",
          "resolved": "http://cmf-nuget:4873/cmf.core.controls/-/cmf.core.controls-9.1.0-202209072.tgz",
          "integrity": "sha512-J1eR1XXqvMoJqMd1pg4wXi6ixGT24WOWKhF9nj4iE8TEYGHnm78ZUz8y1Y2gVOpi5Z3HliQ/fXza94Oz1jn++Q==",
          "requires": {
            "d3": "~5.7.0",
            "dagre": "0.7.4",
            "element-resize-detector": "~1.1.11",
            "fullcalendar": "3.10.5",
            "graphlib": "1.0.7",
            "html2canvas": "1.1.4",
            "jointjs": "3.4.4",
            "jquery-ui": "~1.12.1",
            "lodash": "3.10.1",
            "moment": "2.26.0",
            "moment-duration-format": "2.2.2",
            "monaco-editor": "~0.10.1"
          }
        },
        "cmf.core.dashboards": {
          "version": "9.1.0-202209072",
          "resolved": "http://cmf-nuget:4873/cmf.core.dashboards/-/cmf.core.dashboards-9.1.0-202209072.tgz",
          "integrity": "sha512-kFY6woLfH5c+zQwlXNjDiVApT8jhd5MUJWWbEJsA+G+bD0yFEamw/zkxgzJGlIjj8G8S195sgEj+nBYryoYnBA==",
          "requires": {
            "angular2-grid": "4.0.0-cmf-9.0.0-0",
            "moment": "2.26.0"
          }
        },
        "cmf.core.folder": {
          "version": "9.1.0-202209072",
          "resolved": "http://cmf-nuget:4873/cmf.core.folder/-/cmf.core.folder-9.1.0-202209072.tgz",
          "integrity": "sha512-/nxlLMBdBVxTwYN4OIzjNVEh0y84W9rCwLpVeSTZE+8vUBUnVzxEKHLMMAlsJsD/8IhCRLFBxLWCL7IZF5eAAQ=="
        },
        "cmf.core.iotevents": {
          "version": "9.1.0-202209072",
          "resolved": "http://cmf-nuget:4873/cmf.core.iotevents/-/cmf.core.iotevents-9.1.0-202209072.tgz",
          "integrity": "sha512-fH0XGRiCaSN/l/AsTru28PpMuUNCQRw0QrkxfHyWD9V6S/srLJ/BEPpauMFgTu6iuVrwuFtWF8/wg/vPgPBsaA=="
        },
        "cmf.lbos": {
          "version": "9.1.0-20220907.1",
          "resolved": "http://cmf-nuget:4873/cmf.lbos/-/cmf.lbos-9.1.0-20220907.1.tgz",
          "integrity": "sha512-7ElWteXO5as9bLVsceVB2k0Cgvv+O2SRnbfBM/un/jVbL5EjT8V2NGjSvVQdlhoXd4Dn2GZOKnF6YtubqvO6SQ==",
          "requires": {
            "moment": "2.26.0"
          }
        },
        "css-line-break": {
          "version": "1.1.1",
          "resolved": "http://cmf-nuget:4873/css-line-break/-/css-line-break-1.1.1.tgz",
          "integrity": "sha512-1feNVaM4Fyzdj4mKPIQNL2n70MmuYzAXZ1aytlROFX1JsOo070OsugwGjj7nl6jnDJWHDM8zRZswkmeYVWZJQA==",
          "requires": {
            "base64-arraybuffer": "^0.2.0"
          }
        },
        "decimal.js": {
          "version": "7.2.4",
          "resolved": "http://cmf-nuget:4873/decimal.js/-/decimal.js-7.2.4.tgz",
          "integrity": "sha512-lQ+Tr6VKhsHgfzkTLLqxOXDwMHj5ZBdThKsZZo0PeK9H7OOvS8O5hjCNogRElYrLIx7mc1pfN9RiLkZDpVdkHA=="
        },
        "eventemitter2": {
          "version": "4.1.2",
          "resolved": "http://cmf-nuget:4873/eventemitter2/-/eventemitter2-4.1.2.tgz",
          "integrity": "sha1-DhqEd6+CGm7zmVsxG/dMI6UkfxU="
        },
        "tslib": {
          "version": "2.4.0",
          "resolved": "http://cmf-nuget:4873/tslib/-/tslib-2.4.0.tgz",
          "integrity": "sha512-d6xOpEDfsi2CZVlPQzGeux8XMwLT9hssAsaPYExaQMuYskwb+x1x7J371tWlbBdWHroy99KnVB6qIkUbs5X3UQ=="
        }
      }
    },
    "dexie": {
      "version": "3.0.4",
      "resolved": "http://cmf-nuget:4873/dexie/-/dexie-3.0.4.tgz",
      "integrity": "sha512-rwS3k8BBstjGFJAS/yjYrsRZucqitnrP3NBhqghl9ihWcWABlT3I5f2dZV9T3pmXGAP7G9p1q00g/axcsuOT8A=="
    },
    "lodash": {
      "version": "3.10.1",
      "resolved": "http://cmf-nuget:4873/lodash/-/lodash-3.10.1.tgz",
      "integrity": "sha1-W/Rejkm6QYnhfUgnid/RW9FAt7Y="
    },
    "moment": {
      "version": "2.26.0",
      "resolved": "http://cmf-nuget:4873/moment/-/moment-2.26.0.tgz",
      "integrity": "sha512-oIixUO+OamkUkwjhAVE18rAMfRJNsNe/Stid/gwHSOfHrOtw9EhAY2AHvdKZ/k/MggcYELFCJz/Sn2pL8b8JMw=="
    },
    "webcomponentsjs": {
      "version": "1.0.2",
      "resolved": "http://cmf-nuget:4873/webcomponentsjs/-/webcomponentsjs-1.0.2.tgz",
      "integrity": "sha1-sCiRTFeaYdgUSRPHyUws9zuV/Gk="
    }
  }
}
